// !$*UTF8*$!
{
	archiveVersion = 1;
	classes = {
	};
	objectVersion = 46;
	objects = {

/* Begin PBXBuildFile section */
		0D7643F31713A853000BBF46 /* UIKit.framework in Frameworks */ = {isa = PBXBuildFile; fileRef = 0D7643F21713A853000BBF46 /* UIKit.framework */; };
		0D7643F51713A853000BBF46 /* Foundation.framework in Frameworks */ = {isa = PBXBuildFile; fileRef = 0D7643F41713A853000BBF46 /* Foundation.framework */; };
		0D7643F71713A853000BBF46 /* CoreGraphics.framework in Frameworks */ = {isa = PBXBuildFile; fileRef = 0D7643F61713A853000BBF46 /* CoreGraphics.framework */; };
		0D7643FD1713A853000BBF46 /* InfoPlist.strings in Resources */ = {isa = PBXBuildFile; fileRef = 0D7643FB1713A853000BBF46 /* InfoPlist.strings */; };
		0D7643FF1713A853000BBF46 /* main.m in Sources */ = {isa = PBXBuildFile; fileRef = 0D7643FE1713A853000BBF46 /* main.m */; };
		0D7644031713A853000BBF46 /* MyMoviesAppDelegate.m in Sources */ = {isa = PBXBuildFile; fileRef = 0D7644021713A853000BBF46 /* MyMoviesAppDelegate.m */; };
		0D7644051713A853000BBF46 /* Default.png in Resources */ = {isa = PBXBuildFile; fileRef = 0D7644041713A853000BBF46 /* Default.png */; };
		0D7644071713A853000BBF46 /* Default@2x.png in Resources */ = {isa = PBXBuildFile; fileRef = 0D7644061713A853000BBF46 /* Default@2x.png */; };
		0D7644091713A853000BBF46 /* Default-568h@2x.png in Resources */ = {isa = PBXBuildFile; fileRef = 0D7644081713A853000BBF46 /* Default-568h@2x.png */; };
		0D76440C1713A853000BBF46 /* MainStoryboard.storyboard in Resources */ = {isa = PBXBuildFile; fileRef = 0D76440A1713A853000BBF46 /* MainStoryboard.storyboard */; };
		0D76440F1713A853000BBF46 /* MyMoviesViewController.m in Sources */ = {isa = PBXBuildFile; fileRef = 0D76440E1713A853000BBF46 /* MyMoviesViewController.m */; };
		0D76441B1713A9AE000BBF46 /* alien.mp4 in Resources */ = {isa = PBXBuildFile; fileRef = 0D7644151713A9AE000BBF46 /* alien.mp4 */; };
		0D76441C1713A9AE000BBF46 /* alien.png in Resources */ = {isa = PBXBuildFile; fileRef = 0D7644161713A9AE000BBF46 /* alien.png */; };
		0D76441D1713A9AE000BBF46 /* alien3.mp4 in Resources */ = {isa = PBXBuildFile; fileRef = 0D7644171713A9AE000BBF46 /* alien3.mp4 */; };
		0D76441E1713A9AE000BBF46 /* alien3.png in Resources */ = {isa = PBXBuildFile; fileRef = 0D7644181713A9AE000BBF46 /* alien3.png */; };
		0D76441F1713A9AE000BBF46 /* aliens.mp4 in Resources */ = {isa = PBXBuildFile; fileRef = 0D7644191713A9AE000BBF46 /* aliens.mp4 */; };
		0D7644201713A9AE000BBF46 /* aliens.png in Resources */ = {isa = PBXBuildFile; fileRef = 0D76441A1713A9AE000BBF46 /* aliens.png */; };
		0D76442A1713ABCB000BBF46 /* trailer1ViewController.m in Sources */ = {isa = PBXBuildFile; fileRef = 0D7644291713ABCB000BBF46 /* trailer1ViewController.m */; };
		0D76442C1713AD36000BBF46 /* MediaPlayer.framework in Frameworks */ = {isa = PBXBuildFile; fileRef = 0D76442B1713AD36000BBF46 /* MediaPlayer.framework */; };
		0D76442F1713AE5F000BBF46 /* trailer2ViewController.m in Sources */ = {isa = PBXBuildFile; fileRef = 0D76442E1713AE5F000BBF46 /* trailer2ViewController.m */; };
		0D7644321713AEDD000BBF46 /* trailer3ViewController.m in Sources */ = {isa = PBXBuildFile; fileRef = 0D7644311713AEDD000BBF46 /* trailer3ViewController.m */; };
		0D7644341713B145000BBF46 /* 57.png in Resources */ = {isa = PBXBuildFile; fileRef = 0D7644331713B145000BBF46 /* 57.png */; };
		0D7644361713B148000BBF46 /* 114.png in Resources */ = {isa = PBXBuildFile; fileRef = 0D7644351713B148000BBF46 /* 114.png */; };
/* End PBXBuildFile section */

/* Begin PBXFileReference section */
		0D7643EE1713A853000BBF46 /* MyMovies.app */ = {isa = PBXFileReference; explicitFileType = wrapper.application; includeInIndex = 0; path = MyMovies.app; sourceTree = BUILT_PRODUCTS_DIR; };
		0D7643F21713A853000BBF46 /* UIKit.framework */ = {isa = PBXFileReference; lastKnownFileType = wrapper.framework; name = UIKit.framework; path = System/Library/Frameworks/UIKit.framework; sourceTree = SDKROOT; };
		0D7643F41713A853000BBF46 /* Foundation.framework */ = {isa = PBXFileReference; lastKnownFileType = wrapper.framework; name = Foundation.framework; path = System/Library/Frameworks/Foundation.framework; sourceTree = SDKROOT; };
		0D7643F61713A853000BBF46 /* CoreGraphics.framework */ = {isa = PBXFileReference; lastKnownFileType = wrapper.framework; name = CoreGraphics.framework; path = System/Library/Frameworks/CoreGraphics.framework; sourceTree = SDKROOT; };
		0D7643FA1713A853000BBF46 /* MyMovies-Info.plist */ = {isa = PBXFileReference; lastKnownFileType = text.plist.xml; path = "MyMovies-Info.plist"; sourceTree = "<group>"; };
		0D7643FC1713A853000BBF46 /* en */ = {isa = PBXFileReference; lastKnownFileType = text.plist.strings; name = en; path = en.lproj/InfoPlist.strings; sourceTree = "<group>"; };
		0D7643FE1713A853000BBF46 /* main.m */ = {isa = PBXFileReference; lastKnownFileType = sourcecode.c.objc; path = main.m; sourceTree = "<group>"; };
		0D7644001713A853000BBF46 /* MyMovies-Prefix.pch */ = {isa = PBXFileReference; lastKnownFileType = sourcecode.c.h; path = "MyMovies-Prefix.pch"; sourceTree = "<group>"; };
		0D7644011713A853000BBF46 /* MyMoviesAppDelegate.h */ = {isa = PBXFileReference; lastKnownFileType = sourcecode.c.h; path = MyMoviesAppDelegate.h; sourceTree = "<group>"; };
		0D7644021713A853000BBF46 /* MyMoviesAppDelegate.m */ = {isa = PBXFileReference; lastKnownFileType = sourcecode.c.objc; path = MyMoviesAppDelegate.m; sourceTree = "<group>"; };
		0D7644041713A853000BBF46 /* Default.png */ = {isa = PBXFileReference; lastKnownFileType = image.png; path = Default.png; sourceTree = "<group>"; };
		0D7644061713A853000BBF46 /* Default@2x.png */ = {isa = PBXFileReference; lastKnownFileType = image.png; path = "Default@2x.png"; sourceTree = "<group>"; };
		0D7644081713A853000BBF46 /* Default-568h@2x.png */ = {isa = PBXFileReference; lastKnownFileType = image.png; path = "Default-568h@2x.png"; sourceTree = "<group>"; };
		0D76440B1713A853000BBF46 /* en */ = {isa = PBXFileReference; lastKnownFileType = file.storyboard; name = en; path = en.lproj/MainStoryboard.storyboard; sourceTree = "<group>"; };
		0D76440D1713A853000BBF46 /* MyMoviesViewController.h */ = {isa = PBXFileReference; lastKnownFileType = sourcecode.c.h; path = MyMoviesViewController.h; sourceTree = "<group>"; };
		0D76440E1713A853000BBF46 /* MyMoviesViewController.m */ = {isa = PBXFileReference; lastKnownFileType = sourcecode.c.objc; path = MyMoviesViewController.m; sourceTree = "<group>"; };
		0D7644151713A9AE000BBF46 /* alien.mp4 */ = {isa = PBXFileReference; lastKnownFileType = file; path = alien.mp4; sourceTree = "<group>"; };
		0D7644161713A9AE000BBF46 /* alien.png */ = {isa = PBXFileReference; lastKnownFileType = image.png; path = alien.png; sourceTree = "<group>"; };
		0D7644171713A9AE000BBF46 /* alien3.mp4 */ = {isa = PBXFileReference; lastKnownFileType = file; path = alien3.mp4; sourceTree = "<group>"; };
		0D7644181713A9AE000BBF46 /* alien3.png */ = {isa = PBXFileReference; lastKnownFileType = image.png; path = alien3.png; sourceTree = "<group>"; };
		0D7644191713A9AE000BBF46 /* aliens.mp4 */ = {isa = PBXFileReference; lastKnownFileType = file; path = aliens.mp4; sourceTree = "<group>"; };
		0D76441A1713A9AE000BBF46 /* aliens.png */ = {isa = PBXFileReference; lastKnownFileType = image.png; path = aliens.png; sourceTree = "<group>"; };
		0D7644281713ABCB000BBF46 /* trailer1ViewController.h */ = {isa = PBXFileReference; fileEncoding = 4; lastKnownFileType = sourcecode.c.h; path = trailer1ViewController.h; sourceTree = "<group>"; };
		0D7644291713ABCB000BBF46 /* trailer1ViewController.m */ = {isa = PBXFileReference; fileEncoding = 4; lastKnownFileType = sourcecode.c.objc; path = trailer1ViewController.m; sourceTree = "<group>"; };
		0D76442B1713AD36000BBF46 /* MediaPlayer.framework */ = {isa = PBXFileReference; lastKnownFileType = wrapper.framework; name = MediaPlayer.framework; path = System/Library/Frameworks/MediaPlayer.framework; sourceTree = SDKROOT; };
		0D76442D1713AE5F000BBF46 /* trailer2ViewController.h */ = {isa = PBXFileReference; fileEncoding = 4; lastKnownFileType = sourcecode.c.h; path = trailer2ViewController.h; sourceTree = "<group>"; };
		0D76442E1713AE5F000BBF46 /* trailer2ViewController.m */ = {isa = PBXFileReference; fileEncoding = 4; lastKnownFileType = sourcecode.c.objc; path = trailer2ViewController.m; sourceTree = "<group>"; };
		0D7644301713AEDD000BBF46 /* trailer3ViewController.h */ = {isa = PBXFileReference; fileEncoding = 4; lastKnownFileType = sourcecode.c.h; path = trailer3ViewController.h; sourceTree = "<group>"; };
		0D7644311713AEDD000BBF46 /* trailer3ViewController.m */ = {isa = PBXFileReference; fileEncoding = 4; lastKnownFileType = sourcecode.c.objc; path = trailer3ViewController.m; sourceTree = "<group>"; };
		0D7644331713B145000BBF46 /* 57.png */ = {isa = PBXFileReference; lastKnownFileType = image.png; path = 57.png; sourceTree = "<group>"; };
		0D7644351713B148000BBF46 /* 114.png */ = {isa = PBXFileReference; lastKnownFileType = image.png; path = 114.png; sourceTree = "<group>"; };
/* End PBXFileReference section */

/* Begin PBXFrameworksBuildPhase section */
		0D7643EB1713A853000BBF46 /* Frameworks */ = {
			isa = PBXFrameworksBuildPhase;
			buildActionMask = 2147483647;
			files = (
				0D76442C1713AD36000BBF46 /* MediaPlayer.framework in Frameworks */,
				0D7643F31713A853000BBF46 /* UIKit.framework in Frameworks */,
				0D7643F51713A853000BBF46 /* Foundation.framework in Frameworks */,
				0D7643F71713A853000BBF46 /* CoreGraphics.framework in Frameworks */,
			);
			runOnlyForDeploymentPostprocessing = 0;
		};
/* End PBXFrameworksBuildPhase section */

/* Begin PBXGroup section */
		0D7643E31713A853000BBF46 = {
			isa = PBXGroup;
			children = (
				0D7644351713B148000BBF46 /* 114.png */,
				0D7644331713B145000BBF46 /* 57.png */,
				0D76442B1713AD36000BBF46 /* MediaPlayer.framework */,
				0D7644211713AA5F000BBF46 /* trailers */,
				0D7643F81713A853000BBF46 /* MyMovies */,
				0D7643F11713A853000BBF46 /* Frameworks */,
				0D7643EF1713A853000BBF46 /* Products */,
			);
			sourceTree = "<group>";
		};
		0D7643EF1713A853000BBF46 /* Products */ = {
			isa = PBXGroup;
			children = (
				0D7643EE1713A853000BBF46 /* MyMovies.app */,
			);
			name = Products;
			sourceTree = "<group>";
		};
		0D7643F11713A853000BBF46 /* Frameworks */ = {
			isa = PBXGroup;
			children = (
				0D7643F21713A853000BBF46 /* UIKit.framework */,
				0D7643F41713A853000BBF46 /* Foundation.framework */,
				0D7643F61713A853000BBF46 /* CoreGraphics.framework */,
			);
			name = Frameworks;
			sourceTree = "<group>";
		};
		0D7643F81713A853000BBF46 /* MyMovies */ = {
			isa = PBXGroup;
			children = (
				0D7644011713A853000BBF46 /* MyMoviesAppDelegate.h */,
				0D7644021713A853000BBF46 /* MyMoviesAppDelegate.m */,
				0D76440A1713A853000BBF46 /* MainStoryboard.storyboard */,
				0D76440D1713A853000BBF46 /* MyMoviesViewController.h */,
				0D76440E1713A853000BBF46 /* MyMoviesViewController.m */,
				0D7643F91713A853000BBF46 /* Supporting Files */,
			);
			path = MyMovies;
			sourceTree = "<group>";
		};
		0D7643F91713A853000BBF46 /* Supporting Files */ = {
			isa = PBXGroup;
			children = (
				0D7644151713A9AE000BBF46 /* alien.mp4 */,
				0D7644161713A9AE000BBF46 /* alien.png */,
				0D7644171713A9AE000BBF46 /* alien3.mp4 */,
				0D7644181713A9AE000BBF46 /* alien3.png */,
				0D7644191713A9AE000BBF46 /* aliens.mp4 */,
				0D76441A1713A9AE000BBF46 /* aliens.png */,
				0D7643FA1713A853000BBF46 /* MyMovies-Info.plist */,
				0D7643FB1713A853000BBF46 /* InfoPlist.strings */,
				0D7643FE1713A853000BBF46 /* main.m */,
				0D7644001713A853000BBF46 /* MyMovies-Prefix.pch */,
				0D7644041713A853000BBF46 /* Default.png */,
				0D7644061713A853000BBF46 /* Default@2x.png */,
				0D7644081713A853000BBF46 /* Default-568h@2x.png */,
			);
			name = "Supporting Files";
			sourceTree = "<group>";
		};
		0D7644211713AA5F000BBF46 /* trailers */ = {
			isa = PBXGroup;
			children = (
				0D7644281713ABCB000BBF46 /* trailer1ViewController.h */,
				0D7644291713ABCB000BBF46 /* trailer1ViewController.m */,
				0D76442D1713AE5F000BBF46 /* trailer2ViewController.h */,
				0D76442E1713AE5F000BBF46 /* trailer2ViewController.m */,
				0D7644301713AEDD000BBF46 /* trailer3ViewController.h */,
				0D7644311713AEDD000BBF46 /* trailer3ViewController.m */,
			);
			name = trailers;
			sourceTree = "<group>";
		};
/* End PBXGroup section */

/* Begin PBXNativeTarget section */
		0D7643ED1713A853000BBF46 /* MyMovies */ = {
			isa = PBXNativeTarget;
			buildConfigurationList = 0D7644121713A853000BBF46 /* Build configuration list for PBXNativeTarget "MyMovies" */;
			buildPhases = (
				0D7643EA1713A853000BBF46 /* Sources */,
				0D7643EB1713A853000BBF46 /* Frameworks */,
				0D7643EC1713A853000BBF46 /* Resources */,
			);
			buildRules = (
			);
			dependencies = (
			);
			name = MyMovies;
			productName = MyMovies;
			productReference = 0D7643EE1713A853000BBF46 /* MyMovies.app */;
			productType = "com.apple.product-type.application";
		};
/* End PBXNativeTarget section */

/* Begin PBXProject section */
		0D7643E51713A853000BBF46 /* Project object */ = {
			isa = PBXProject;
			attributes = {
				CLASSPREFIX = MyMovies;
				LastUpgradeCheck = 0450;
				ORGANIZATIONNAME = "RVC Student";
			};
			buildConfigurationList = 0D7643E81713A853000BBF46 /* Build configuration list for PBXProject "MyMovies" */;
			compatibilityVersion = "Xcode 3.2";
			developmentRegion = English;
			hasScannedForEncodings = 0;
			knownRegions = (
				en,
			);
			mainGroup = 0D7643E31713A853000BBF46;
			productRefGroup = 0D7643EF1713A853000BBF46 /* Products */;
			projectDirPath = "";
			projectRoot = "";
			targets = (
				0D7643ED1713A853000BBF46 /* MyMovies */,
			);
		};
/* End PBXProject section */

/* Begin PBXResourcesBuildPhase section */
		0D7643EC1713A853000BBF46 /* Resources */ = {
			isa = PBXResourcesBuildPhase;
			buildActionMask = 2147483647;
			files = (
				0D7643FD1713A853000BBF46 /* InfoPlist.strings in Resources */,
				0D7644051713A853000BBF46 /* Default.png in Resources */,
				0D7644071713A853000BBF46 /* Default@2x.png in Resources */,
				0D7644091713A853000BBF46 /* Default-568h@2x.png in Resources */,
				0D76440C1713A853000BBF46 /* MainStoryboard.storyboard in Resources */,
				0D76441B1713A9AE000BBF46 /* alien.mp4 in Resources */,
				0D76441C1713A9AE000BBF46 /* alien.png in Resources */,
				0D76441D1713A9AE000BBF46 /* alien3.mp4 in Resources */,
				0D76441E1713A9AE000BBF46 /* alien3.png in Resources */,
				0D76441F1713A9AE000BBF46 /* aliens.mp4 in Resources */,
				0D7644201713A9AE000BBF46 /* aliens.png in Resources */,
				0D7644341713B145000BBF46 /* 57.png in Resources */,
				0D7644361713B148000BBF46 /* 114.png in Resources */,
			);
			runOnlyForDeploymentPostprocessing = 0;
		};
/* End PBXResourcesBuildPhase section */

/* Begin PBXSourcesBuildPhase section */
		0D7643EA1713A853000BBF46 /* Sources */ = {
			isa = PBXSourcesBuildPhase;
			buildActionMask = 2147483647;
			files = (
				0D7643FF1713A853000BBF46 /* main.m in Sources */,
				0D7644031713A853000BBF46 /* MyMoviesAppDelegate.m in Sources */,
				0D76440F1713A853000BBF46 /* MyMoviesViewController.m in Sources */,
				0D76442A1713ABCB000BBF46 /* trailer1ViewController.m in Sources */,
				0D76442F1713AE5F000BBF46 /* trailer2ViewController.m in Sources */,
				0D7644321713AEDD000BBF46 /* trailer3ViewController.m in Sources */,
			);
			runOnlyForDeploymentPostprocessing = 0;
		};
/* End PBXSourcesBuildPhase section */

/* Begin PBXVariantGroup section */
		0D7643FB1713A853000BBF46 /* InfoPlist.strings */ = {
			isa = PBXVariantGroup;
			children = (
				0D7643FC1713A853000BBF46 /* en */,
			);
			name = InfoPlist.strings;
			sourceTree = "<group>";
		};
		0D76440A1713A853000BBF46 /* MainStoryboard.storyboard */ = {
			isa = PBXVariantGroup;
			children = (
				0D76440B1713A853000BBF46 /* en */,
			);
			name = MainStoryboard.storyboard;
			sourceTree = "<group>";
		};
/* End PBXVariantGroup section */

/* Begin XCBuildConfiguration section */
		0D7644101713A853000BBF46 /* Debug */ = {
			isa = XCBuildConfiguration;
			buildSettings = {
				ALWAYS_SEARCH_USER_PATHS = NO;
				CLANG_CXX_LANGUAGE_STANDARD = "gnu++0x";
				CLANG_CXX_LIBRARY = "libc++";
				CLANG_WARN_EMPTY_BODY = YES;
				CLANG_WARN__DUPLICATE_METHOD_MATCH = YES;
				"CODE_SIGN_IDENTITY[sdk=iphoneos*]" = "iPhone Developer";
				COPY_PHASE_STRIP = NO;
				GCC_C_LANGUAGE_STANDARD = gnu99;
				GCC_DYNAMIC_NO_PIC = NO;
				GCC_OPTIMIZATION_LEVEL = 0;
				GCC_PREPROCESSOR_DEFINITIONS = (
					"DEBUG=1",
					"$(inherited)",
				);
				GCC_SYMBOLS_PRIVATE_EXTERN = NO;
				GCC_WARN_ABOUT_RETURN_TYPE = YES;
				GCC_WARN_UNINITIALIZED_AUTOS = YES;
				GCC_WARN_UNUSED_VARIABLE = YES;
				IPHONEOS_DEPLOYMENT_TARGET = 6.0;
				ONLY_ACTIVE_ARCH = YES;
				SDKROOT = iphoneos;
			};
			name = Debug;
		};
		0D7644111713A853000BBF46 /* Release */ = {
			isa = XCBuildConfiguration;
			buildSettings = {
				ALWAYS_SEARCH_USER_PATHS = NO;
				CLANG_CXX_LANGUAGE_STANDARD = "gnu++0x";
				CLANG_CXX_LIBRARY = "libc++";
				CLANG_WARN_EMPTY_BODY = YES;
				CLANG_WARN__DUPLICATE_METHOD_MATCH = YES;
				"CODE_SIGN_IDENTITY[sdk=iphoneos*]" = "iPhone Developer";
				COPY_PHASE_STRIP = YES;
				GCC_C_LANGUAGE_STANDARD = gnu99;
				GCC_WARN_ABOUT_RETURN_TYPE = YES;
				GCC_WARN_UNINITIALIZED_AUTOS = YES;
				GCC_WARN_UNUSED_VARIABLE = YES;
				IPHONEOS_DEPLOYMENT_TARGET = 6.0;
				OTHER_CFLAGS = "-DNS_BLOCK_ASSERTIONS=1";
				SDKROOT = iphoneos;
				VALIDATE_PRODUCT = YES;
			};
			name = Release;
		};
		0D7644131713A853000BBF46 /* Debug */ = {
			isa = XCBuildConfiguration;
			buildSettings = {
				GCC_PRECOMPILE_PREFIX_HEADER = YES;
				GCC_PREFIX_HEADER = "MyMovies/MyMovies-Prefix.pch";
				INFOPLIST_FILE = "MyMovies/MyMovies-Info.plist";
				PRODUCT_NAME = "$(TARGET_NAME)";
				WRAPPER_EXTENSION = app;
			};
			name = Debug;
		};
		0D7644141713A853000BBF46 /* Release */ = {
			isa = XCBuildConfiguration;
			buildSettings = {
				GCC_PRECOMPILE_PREFIX_HEADER = YES;
				GCC_PREFIX_HEADER = "MyMovies/MyMovies-Prefix.pch";
				INFOPLIST_FILE = "MyMovies/MyMovies-Info.plist";
				PRODUCT_NAME = "$(TARGET_NAME)";
				WRAPPER_EXTENSION = app;
			};
			name = Release;
		};
/* End XCBuildConfiguration section */

/* Begin XCConfigurationList section */
		0D7643E81713A853000BBF46 /* Build configuration list for PBXProject "MyMovies" */ = {
			isa = XCConfigurationList;
			buildConfigurations = (
				0D7644101713A853000BBF46 /* Debug */,
				0D7644111713A853000BBF46 /* Release */,
			);
			defaultConfigurationIsVisible = 0;
			defaultConfigurationName = Release;
		};
		0D7644121713A853000BBF46 /* Build configuration list for PBXNativeTarget "MyMovies" */ = {
			isa = XCConfigurationList;
			buildConfigurations = (
				0D7644131713A853000BBF46 /* Debug */,
				0D7644141713A853000BBF46 /* Release */,
			);
			defaultConfigurationIsVisible = 0;
		};
/* End XCConfigurationList section */
	};
	rootObject = 0D7643E51713A853000BBF46 /* Project object */;
}
